
Microsoft Visual Studio Solution File, Format Version 12.00
# Visual Studio Version 16
VisualStudioVersion = 16.0.32002.261
MinimumVisualStudioVersion = 10.0.40219.1
Project("{2150E333-8FDC-42A3-9474-1A3956D46DE8}") = "wyk-cw", "wyk-cw", "{FE8CEA59-8D74-4A25-8B87-B62341C94105}"
EndProject
Project("{2150E333-8FDC-42A3-9474-1A3956D46DE8}") = "Emerytura", "Emerytura", "{28AA1390-9D95-4297-B65F-E41FF1CDC832}"
EndProject
Project("{9A19103F-16F7-4668-BE54-9A1E7A4F7556}") = "Lab3-zad", "Lab3\Lab3-zad.csproj", "{37A65D81-228D-4FA0-A04D-1FE91A0DC3A7}"
EndProject
Project("{9A19103F-16F7-4668-BE54-9A1E7A4F7556}") = "Lab1", "Lab1\Lab1.csproj", "{279F9089-54C9-4792-9E60-EE72F7B5AC49}"
EndProject
Project("{9A19103F-16F7-4668-BE54-9A1E7A4F7556}") = "Lab2", "Lab2\Lab2.csproj", "{699B01BB-341D-4832-AA6C-1C207D702E08}"
EndProject
Project("{9A19103F-16F7-4668-BE54-9A1E7A4F7556}") = "Emerytura1", "wyk-cw\Emerytura\Emerytura1\Emerytura1.csproj", "{BA1F7B65-D74D-459E-9907-CCAAC8FB477E}"
EndProject
Project("{9A19103F-16F7-4668-BE54-9A1E7A4F7556}") = "Emerytura2", "wyk-cw\Emerytura\Emerytura2\Emerytura2.csproj", "{A7FDC697-6693-464C-A74A-3CA16B035C2B}"
EndProject
Project("{9A19103F-16F7-4668-BE54-9A1E7A4F7556}") = "Emerytura3", "wyk-cw\Emerytura\Emerytura3\Emerytura3.csproj", "{4457C247-5F7D-451C-8045-072A6949D669}"
EndProject
Project("{9A19103F-16F7-4668-BE54-9A1E7A4F7556}") = "Parametry-trojkata", "wyk-cw\Parametry-trojkata\Parametry-trojkata.csproj", "{690B096B-8820-4D7A-866F-98B4AF362DDB}"
EndProject
Project("{9A19103F-16F7-4668-BE54-9A1E7A4F7556}") = "Lab4", "Lab4\Lab4.csproj", "{0CD539E3-90D4-4D43-8E0B-C9E74BBAB075}"
EndProject
Project("{9A19103F-16F7-4668-BE54-9A1E7A4F7556}") = "Lab4-zad", "Lab4-zad\Lab4-zad.csproj", "{DC98B157-E638-4888-90D7-4781DCC2CAA9}"
EndProject
Project("{9A19103F-16F7-4668-BE54-9A1E7A4F7556}") = "Lab5", "Lab5\Lab5.csproj", "{6057786F-8B1B-408A-B387-CF6EA030EE7B}"
EndProject
Project("{9A19103F-16F7-4668-BE54-9A1E7A4F7556}") = "Lab5-zad", "Lab5-zad\Lab5-zad.csproj", "{66E14A11-0F21-457E-96AC-A71A9156DAC9}"
EndProject
Project("{9A19103F-16F7-4668-BE54-9A1E7A4F7556}") = "Rownanie-kwadratwe", "Rownanie-kwadratwe\Rownanie-kwadratwe.csproj", "{6394AFDD-0C73-4722-8C13-6BAB85695485}"
EndProject
Project("{9A19103F-16F7-4668-BE54-9A1E7A4F7556}") = "Lab6", "Lab6\Lab6.csproj", "{18234FE6-907C-495C-B1D3-2E602478A53E}"
EndProject
Project("{FAE04EC0-301F-11D3-BF4B-00C04F79EFBC}") = "Lab7", "Lab7\Lab7.csproj", "{1B875E8E-63DA-4056-A394-6A4C671C0F61}"
EndProject
Project("{FAE04EC0-301F-11D3-BF4B-00C04F79EFBC}") = "Lab7-zad", "Lab7-zad\Lab7-zad.csproj", "{2CC23546-5CDE-4D86-8E59-78DEC1920E68}"
EndProject
Global
	GlobalSection(SolutionConfigurationPlatforms) = preSolution
		Debug|Any CPU = Debug|Any CPU
		Release|Any CPU = Release|Any CPU
	EndGlobalSection
	GlobalSection(ProjectConfigurationPlatforms) = postSolution
		{37A65D81-228D-4FA0-A04D-1FE91A0DC3A7}.Debug|Any CPU.ActiveCfg = Debug|Any CPU
		{37A65D81-228D-4FA0-A04D-1FE91A0DC3A7}.Debug|Any CPU.Build.0 = Debug|Any CPU
		{37A65D81-228D-4FA0-A04D-1FE91A0DC3A7}.Release|Any CPU.ActiveCfg = Release|Any CPU
		{37A65D81-228D-4FA0-A04D-1FE91A0DC3A7}.Release|Any CPU.Build.0 = Release|Any CPU
		{279F9089-54C9-4792-9E60-EE72F7B5AC49}.Debug|Any CPU.ActiveCfg = Debug|Any CPU
		{279F9089-54C9-4792-9E60-EE72F7B5AC49}.Debug|Any CPU.Build.0 = Debug|Any CPU
		{279F9089-54C9-4792-9E60-EE72F7B5AC49}.Release|Any CPU.ActiveCfg = Release|Any CPU
		{279F9089-54C9-4792-9E60-EE72F7B5AC49}.Release|Any CPU.Build.0 = Release|Any CPU
		{699B01BB-341D-4832-AA6C-1C207D702E08}.Debug|Any CPU.ActiveCfg = Debug|Any CPU
		{699B01BB-341D-4832-AA6C-1C207D702E08}.Debug|Any CPU.Build.0 = Debug|Any CPU
		{699B01BB-341D-4832-AA6C-1C207D702E08}.Release|Any CPU.ActiveCfg = Release|Any CPU
		{699B01BB-341D-4832-AA6C-1C207D702E08}.Release|Any CPU.Build.0 = Release|Any CPU
		{BA1F7B65-D74D-459E-9907-CCAAC8FB477E}.Debug|Any CPU.ActiveCfg = Debug|Any CPU
		{BA1F7B65-D74D-459E-9907-CCAAC8FB477E}.Debug|Any CPU.Build.0 = Debug|Any CPU
		{BA1F7B65-D74D-459E-9907-CCAAC8FB477E}.Release|Any CPU.ActiveCfg = Release|Any CPU
		{BA1F7B65-D74D-459E-9907-CCAAC8FB477E}.Release|Any CPU.Build.0 = Release|Any CPU
		{A7FDC697-6693-464C-A74A-3CA16B035C2B}.Debug|Any CPU.ActiveCfg = Debug|Any CPU
		{A7FDC697-6693-464C-A74A-3CA16B035C2B}.Debug|Any CPU.Build.0 = Debug|Any CPU
		{A7FDC697-6693-464C-A74A-3CA16B035C2B}.Release|Any CPU.ActiveCfg = Release|Any CPU
		{A7FDC697-6693-464C-A74A-3CA16B035C2B}.Release|Any CPU.Build.0 = Release|Any CPU
		{4457C247-5F7D-451C-8045-072A6949D669}.Debug|Any CPU.ActiveCfg = Debug|Any CPU
		{4457C247-5F7D-451C-8045-072A6949D669}.Debug|Any CPU.Build.0 = Debug|Any CPU
		{4457C247-5F7D-451C-8045-072A6949D669}.Release|Any CPU.ActiveCfg = Release|Any CPU
		{4457C247-5F7D-451C-8045-072A6949D669}.Release|Any CPU.Build.0 = Release|Any CPU
		{690B096B-8820-4D7A-866F-98B4AF362DDB}.Debug|Any CPU.ActiveCfg = Debug|Any CPU
		{690B096B-8820-4D7A-866F-98B4AF362DDB}.Debug|Any CPU.Build.0 = Debug|Any CPU
		{690B096B-8820-4D7A-866F-98B4AF362DDB}.Release|Any CPU.ActiveCfg = Release|Any CPU
		{690B096B-8820-4D7A-866F-98B4AF362DDB}.Release|Any CPU.Build.0 = Release|Any CPU
		{0CD539E3-90D4-4D43-8E0B-C9E74BBAB075}.Debug|Any CPU.ActiveCfg = Debug|Any CPU
		{0CD539E3-90D4-4D43-8E0B-C9E74BBAB075}.Debug|Any CPU.Build.0 = Debug|Any CPU
		{0CD539E3-90D4-4D43-8E0B-C9E74BBAB075}.Release|Any CPU.ActiveCfg = Release|Any CPU
		{0CD539E3-90D4-4D43-8E0B-C9E74BBAB075}.Release|Any CPU.Build.0 = Release|Any CPU
		{DC98B157-E638-4888-90D7-4781DCC2CAA9}.Debug|Any CPU.ActiveCfg = Debug|Any CPU
		{DC98B157-E638-4888-90D7-4781DCC2CAA9}.Debug|Any CPU.Build.0 = Debug|Any CPU
		{DC98B157-E638-4888-90D7-4781DCC2CAA9}.Release|Any CPU.ActiveCfg = Release|Any CPU
		{DC98B157-E638-4888-90D7-4781DCC2CAA9}.Release|Any CPU.Build.0 = Release|Any CPU
		{6057786F-8B1B-408A-B387-CF6EA030EE7B}.Debug|Any CPU.ActiveCfg = Debug|Any CPU
		{6057786F-8B1B-408A-B387-CF6EA030EE7B}.Debug|Any CPU.Build.0 = Debug|Any CPU
		{6057786F-8B1B-408A-B387-CF6EA030EE7B}.Release|Any CPU.ActiveCfg = Release|Any CPU
		{6057786F-8B1B-408A-B387-CF6EA030EE7B}.Release|Any CPU.Build.0 = Release|Any CPU
		{66E14A11-0F21-457E-96AC-A71A9156DAC9}.Debug|Any CPU.ActiveCfg = Debug|Any CPU
		{66E14A11-0F21-457E-96AC-A71A9156DAC9}.Debug|Any CPU.Build.0 = Debug|Any CPU
		{66E14A11-0F21-457E-96AC-A71A9156DAC9}.Release|Any CPU.ActiveCfg = Release|Any CPU
		{66E14A11-0F21-457E-96AC-A71A9156DAC9}.Release|Any CPU.Build.0 = Release|Any CPU
		{6394AFDD-0C73-4722-8C13-6BAB85695485}.Debug|Any CPU.ActiveCfg = Debug|Any CPU
		{6394AFDD-0C73-4722-8C13-6BAB85695485}.Debug|Any CPU.Build.0 = Debug|Any CPU
		{6394AFDD-0C73-4722-8C13-6BAB85695485}.Release|Any CPU.ActiveCfg = Release|Any CPU
		{6394AFDD-0C73-4722-8C13-6BAB85695485}.Release|Any CPU.Build.0 = Release|Any CPU
		{18234FE6-907C-495C-B1D3-2E602478A53E}.Debug|Any CPU.ActiveCfg = Debug|Any CPU
		{18234FE6-907C-495C-B1D3-2E602478A53E}.Debug|Any CPU.Build.0 = Debug|Any CPU
		{18234FE6-907C-495C-B1D3-2E602478A53E}.Release|Any CPU.ActiveCfg = Release|Any CPU
		{18234FE6-907C-495C-B1D3-2E602478A53E}.Release|Any CPU.Build.0 = Release|Any CPU
		{1B875E8E-63DA-4056-A394-6A4C671C0F61}.Debug|Any CPU.ActiveCfg = Debug|Any CPU
		{1B875E8E-63DA-4056-A394-6A4C671C0F61}.Debug|Any CPU.Build.0 = Debug|Any CPU
		{1B875E8E-63DA-4056-A394-6A4C671C0F61}.Release|Any CPU.ActiveCfg = Release|Any CPU
		{1B875E8E-63DA-4056-A394-6A4C671C0F61}.Release|Any CPU.Build.0 = Release|Any CPU
		{2CC23546-5CDE-4D86-8E59-78DEC1920E68}.Debug|Any CPU.ActiveCfg = Debug|Any CPU
		{2CC23546-5CDE-4D86-8E59-78DEC1920E68}.Debug|Any CPU.Build.0 = Debug|Any CPU
		{2CC23546-5CDE-4D86-8E59-78DEC1920E68}.Release|Any CPU.ActiveCfg = Release|Any CPU
		{2CC23546-5CDE-4D86-8E59-78DEC1920E68}.Release|Any CPU.Build.0 = Release|Any CPU
	EndGlobalSection
	GlobalSection(SolutionProperties) = preSolution
		HideSolutionNode = FALSE
	EndGlobalSection
	GlobalSection(NestedProjects) = preSolution
		{28AA1390-9D95-4297-B65F-E41FF1CDC832} = {FE8CEA59-8D74-4A25-8B87-B62341C94105}
		{BA1F7B65-D74D-459E-9907-CCAAC8FB477E} = {28AA1390-9D95-4297-B65F-E41FF1CDC832}
		{A7FDC697-6693-464C-A74A-3CA16B035C2B} = {28AA1390-9D95-4297-B65F-E41FF1CDC832}
		{4457C247-5F7D-451C-8045-072A6949D669} = {28AA1390-9D95-4297-B65F-E41FF1CDC832}
		{690B096B-8820-4D7A-866F-98B4AF362DDB} = {FE8CEA59-8D74-4A25-8B87-B62341C94105}
		{6394AFDD-0C73-4722-8C13-6BAB85695485} = {FE8CEA59-8D74-4A25-8B87-B62341C94105}
	EndGlobalSection
	GlobalSection(ExtensibilityGlobals) = postSolution
		SolutionGuid = {BDC0A2C3-533B-4A7D-BB5C-1530D8CBDE7B}
	EndGlobalSection
EndGlobal
